// !$*UTF8*$!
{
	archiveVersion = 1;
	classes = {
	};
	objectVersion = 55;
	objects = {

/* Begin PBXBuildFile section */
		C4000FDE28334D5700D89855 /* SettingsVC.swift in Sources */ = {isa = PBXBuildFile; fileRef = C4000FDD28334D5700D89855 /* SettingsVC.swift */; };
		C4661DA9282DA8A6007F113F /* QuestionVC.swift in Sources */ = {isa = PBXBuildFile; fileRef = C4661DA8282DA8A6007F113F /* QuestionVC.swift */; };
		C4661DAB282DA8C1007F113F /* AnswerVC.swift in Sources */ = {isa = PBXBuildFile; fileRef = C4661DAA282DA8C1007F113F /* AnswerVC.swift */; };
		C4661DAD282DA8D4007F113F /* EndVC.swift in Sources */ = {isa = PBXBuildFile; fileRef = C4661DAC282DA8D4007F113F /* EndVC.swift */; };
		C470C9EA2829FF7E00D899E1 /* AppDelegate.swift in Sources */ = {isa = PBXBuildFile; fileRef = C470C9E92829FF7E00D899E1 /* AppDelegate.swift */; };
		C470C9EC2829FF7E00D899E1 /* SceneDelegate.swift in Sources */ = {isa = PBXBuildFile; fileRef = C470C9EB2829FF7E00D899E1 /* SceneDelegate.swift */; };
		C470C9EE2829FF7E00D899E1 /* ViewController.swift in Sources */ = {isa = PBXBuildFile; fileRef = C470C9ED2829FF7E00D899E1 /* ViewController.swift */; };
		C470C9F12829FF7E00D899E1 /* Main.storyboard in Resources */ = {isa = PBXBuildFile; fileRef = C470C9EF2829FF7E00D899E1 /* Main.storyboard */; };
		C470C9F32829FF8200D899E1 /* Assets.xcassets in Resources */ = {isa = PBXBuildFile; fileRef = C470C9F22829FF8200D899E1 /* Assets.xcassets */; };
		C470C9F62829FF8200D899E1 /* LaunchScreen.storyboard in Resources */ = {isa = PBXBuildFile; fileRef = C470C9F42829FF8200D899E1 /* LaunchScreen.storyboard */; };
		C470CA012829FF8200D899E1 /* iQuizTests.swift in Sources */ = {isa = PBXBuildFile; fileRef = C470CA002829FF8200D899E1 /* iQuizTests.swift */; };
		C470CA0B2829FF8200D899E1 /* iQuizUITests.swift in Sources */ = {isa = PBXBuildFile; fileRef = C470CA0A2829FF8200D899E1 /* iQuizUITests.swift */; };
		C470CA0D2829FF8200D899E1 /* iQuizUITestsLaunchTests.swift in Sources */ = {isa = PBXBuildFile; fileRef = C470CA0C2829FF8200D899E1 /* iQuizUITestsLaunchTests.swift */; };
		C4A72783283414BA00992900 /* QuizSet.swift in Sources */ = {isa = PBXBuildFile; fileRef = C4A72782283414BA00992900 /* QuizSet.swift */; };
/* End PBXBuildFile section */

/* Begin PBXContainerItemProxy section */
		C470C9FD2829FF8200D899E1 /* PBXContainerItemProxy */ = {
			isa = PBXContainerItemProxy;
			containerPortal = C470C9DE2829FF7E00D899E1 /* Project object */;
			proxyType = 1;
			remoteGlobalIDString = C470C9E52829FF7E00D899E1;
			remoteInfo = iQuiz;
		};
		C470CA072829FF8200D899E1 /* PBXContainerItemProxy */ = {
			isa = PBXContainerItemProxy;
			containerPortal = C470C9DE2829FF7E00D899E1 /* Project object */;
			proxyType = 1;
			remoteGlobalIDString = C470C9E52829FF7E00D899E1;
			remoteInfo = iQuiz;
		};
/* End PBXContainerItemProxy section */

/* Begin PBXFileReference section */
		C4000FDD28334D5700D89855 /* SettingsVC.swift */ = {isa = PBXFileReference; lastKnownFileType = sourcecode.swift; path = SettingsVC.swift; sourceTree = "<group>"; };
		C4661DA8282DA8A6007F113F /* QuestionVC.swift */ = {isa = PBXFileReference; lastKnownFileType = sourcecode.swift; path = QuestionVC.swift; sourceTree = "<group>"; };
		C4661DAA282DA8C1007F113F /* AnswerVC.swift */ = {isa = PBXFileReference; lastKnownFileType = sourcecode.swift; path = AnswerVC.swift; sourceTree = "<group>"; };
		C4661DAC282DA8D4007F113F /* EndVC.swift */ = {isa = PBXFileReference; lastKnownFileType = sourcecode.swift; path = EndVC.swift; sourceTree = "<group>"; };
		C470C9E62829FF7E00D899E1 /* iQuiz.app */ = {isa = PBXFileReference; explicitFileType = wrapper.application; includeInIndex = 0; path = iQuiz.app; sourceTree = BUILT_PRODUCTS_DIR; };
		C470C9E92829FF7E00D899E1 /* AppDelegate.swift */ = {isa = PBXFileReference; lastKnownFileType = sourcecode.swift; path = AppDelegate.swift; sourceTree = "<group>"; };
		C470C9EB2829FF7E00D899E1 /* SceneDelegate.swift */ = {isa = PBXFileReference; lastKnownFileType = sourcecode.swift; path = SceneDelegate.swift; sourceTree = "<group>"; };
		C470C9ED2829FF7E00D899E1 /* ViewController.swift */ = {isa = PBXFileReference; lastKnownFileType = sourcecode.swift; path = ViewController.swift; sourceTree = "<group>"; };
		C470C9F02829FF7E00D899E1 /* Base */ = {isa = PBXFileReference; lastKnownFileType = file.storyboard; name = Base; path = Base.lproj/Main.storyboard; sourceTree = "<group>"; };
		C470C9F22829FF8200D899E1 /* Assets.xcassets */ = {isa = PBXFileReference; lastKnownFileType = folder.assetcatalog; path = Assets.xcassets; sourceTree = "<group>"; };
		C470C9F52829FF8200D899E1 /* Base */ = {isa = PBXFileReference; lastKnownFileType = file.storyboard; name = Base; path = Base.lproj/LaunchScreen.storyboard; sourceTree = "<group>"; };
		C470C9F72829FF8200D899E1 /* Info.plist */ = {isa = PBXFileReference; lastKnownFileType = text.plist.xml; path = Info.plist; sourceTree = "<group>"; };
		C470C9FC2829FF8200D899E1 /* iQuizTests.xctest */ = {isa = PBXFileReference; explicitFileType = wrapper.cfbundle; includeInIndex = 0; path = iQuizTests.xctest; sourceTree = BUILT_PRODUCTS_DIR; };
		C470CA002829FF8200D899E1 /* iQuizTests.swift */ = {isa = PBXFileReference; lastKnownFileType = sourcecode.swift; path = iQuizTests.swift; sourceTree = "<group>"; };
		C470CA062829FF8200D899E1 /* iQuizUITests.xctest */ = {isa = PBXFileReference; explicitFileType = wrapper.cfbundle; includeInIndex = 0; path = iQuizUITests.xctest; sourceTree = BUILT_PRODUCTS_DIR; };
		C470CA0A2829FF8200D899E1 /* iQuizUITests.swift */ = {isa = PBXFileReference; lastKnownFileType = sourcecode.swift; path = iQuizUITests.swift; sourceTree = "<group>"; };
		C470CA0C2829FF8200D899E1 /* iQuizUITestsLaunchTests.swift */ = {isa = PBXFileReference; lastKnownFileType = sourcecode.swift; path = iQuizUITestsLaunchTests.swift; sourceTree = "<group>"; };
		C4A72782283414BA00992900 /* QuizSet.swift */ = {isa = PBXFileReference; lastKnownFileType = sourcecode.swift; path = QuizSet.swift; sourceTree = "<group>"; };
/* End PBXFileReference section */

/* Begin PBXFrameworksBuildPhase section */
		C470C9E32829FF7E00D899E1 /* Frameworks */ = {
			isa = PBXFrameworksBuildPhase;
			buildActionMask = 2147483647;
			files = (
			);
			runOnlyForDeploymentPostprocessing = 0;
		};
		C470C9F92829FF8200D899E1 /* Frameworks */ = {
			isa = PBXFrameworksBuildPhase;
			buildActionMask = 2147483647;
			files = (
			);
			runOnlyForDeploymentPostprocessing = 0;
		};
		C470CA032829FF8200D899E1 /* Frameworks */ = {
			isa = PBXFrameworksBuildPhase;
			buildActionMask = 2147483647;
			files = (
			);
			runOnlyForDeploymentPostprocessing = 0;
		};
/* End PBXFrameworksBuildPhase section */

/* Begin PBXGroup section */
		C470C9DD2829FF7E00D899E1 = {
			isa = PBXGroup;
			children = (
				C470C9E82829FF7E00D899E1 /* iQuiz */,
				C470C9FF2829FF8200D899E1 /* iQuizTests */,
				C470CA092829FF8200D899E1 /* iQuizUITests */,
				C470C9E72829FF7E00D899E1 /* Products */,
			);
			sourceTree = "<group>";
		};
		C470C9E72829FF7E00D899E1 /* Products */ = {
			isa = PBXGroup;
			children = (
				C470C9E62829FF7E00D899E1 /* iQuiz.app */,
				C470C9FC2829FF8200D899E1 /* iQuizTests.xctest */,
				C470CA062829FF8200D899E1 /* iQuizUITests.xctest */,
			);
			name = Products;
			sourceTree = "<group>";
		};
		C470C9E82829FF7E00D899E1 /* iQuiz */ = {
			isa = PBXGroup;
			children = (
				C470C9E92829FF7E00D899E1 /* AppDelegate.swift */,
				C470C9EB2829FF7E00D899E1 /* SceneDelegate.swift */,
				C470C9EF2829FF7E00D899E1 /* Main.storyboard */,
				C470C9ED2829FF7E00D899E1 /* ViewController.swift */,
				C4000FDD28334D5700D89855 /* SettingsVC.swift */,
				C4661DA8282DA8A6007F113F /* QuestionVC.swift */,
				C4661DAA282DA8C1007F113F /* AnswerVC.swift */,
				C4661DAC282DA8D4007F113F /* EndVC.swift */,
				C4A72782283414BA00992900 /* QuizSet.swift */,
				C470C9F22829FF8200D899E1 /* Assets.xcassets */,
				C470C9F42829FF8200D899E1 /* LaunchScreen.storyboard */,
				C470C9F72829FF8200D899E1 /* Info.plist */,
			);
			path = iQuiz;
			sourceTree = "<group>";
		};
		C470C9FF2829FF8200D899E1 /* iQuizTests */ = {
			isa = PBXGroup;
			children = (
				C470CA002829FF8200D899E1 /* iQuizTests.swift */,
			);
			path = iQuizTests;
			sourceTree = "<group>";
		};
		C470CA092829FF8200D899E1 /* iQuizUITests */ = {
			isa = PBXGroup;
			children = (
				C470CA0A2829FF8200D899E1 /* iQuizUITests.swift */,
				C470CA0C2829FF8200D899E1 /* iQuizUITestsLaunchTests.swift */,
			);
			path = iQuizUITests;
			sourceTree = "<group>";
		};
/* End PBXGroup section */

/* Begin PBXNativeTarget section */
		C470C9E52829FF7E00D899E1 /* iQuiz */ = {
			isa = PBXNativeTarget;
			buildConfigurationList = C470CA102829FF8200D899E1 /* Build configuration list for PBXNativeTarget "iQuiz" */;
			buildPhases = (
				C470C9E22829FF7E00D899E1 /* Sources */,
				C470C9E32829FF7E00D899E1 /* Frameworks */,
				C470C9E42829FF7E00D899E1 /* Resources */,
			);
			buildRules = (
			);
			dependencies = (
			);
			name = iQuiz;
			productName = iQuiz;
			productReference = C470C9E62829FF7E00D899E1 /* iQuiz.app */;
			productType = "com.apple.product-type.application";
		};
		C470C9FB2829FF8200D899E1 /* iQuizTests */ = {
			isa = PBXNativeTarget;
			buildConfigurationList = C470CA132829FF8200D899E1 /* Build configuration list for PBXNativeTarget "iQuizTests" */;
			buildPhases = (
				C470C9F82829FF8200D899E1 /* Sources */,
				C470C9F92829FF8200D899E1 /* Frameworks */,
				C470C9FA2829FF8200D899E1 /* Resources */,
			);
			buildRules = (
			);
			dependencies = (
				C470C9FE2829FF8200D899E1 /* PBXTargetDependency */,
			);
			name = iQuizTests;
			productName = iQuizTests;
			productReference = C470C9FC2829FF8200D899E1 /* iQuizTests.xctest */;
			productType = "com.apple.product-type.bundle.unit-test";
		};
		C470CA052829FF8200D899E1 /* iQuizUITests */ = {
			isa = PBXNativeTarget;
			buildConfigurationList = C470CA162829FF8200D899E1 /* Build configuration list for PBXNativeTarget "iQuizUITests" */;
			buildPhases = (
				C470CA022829FF8200D899E1 /* Sources */,
				C470CA032829FF8200D899E1 /* Frameworks */,
				C470CA042829FF8200D899E1 /* Resources */,
			);
			buildRules = (
			);
			dependencies = (
				C470CA082829FF8200D899E1 /* PBXTargetDependency */,
			);
			name = iQuizUITests;
			productName = iQuizUITests;
			productReference = C470CA062829FF8200D899E1 /* iQuizUITests.xctest */;
			productType = "com.apple.product-type.bundle.ui-testing";
		};
/* End PBXNativeTarget section */

/* Begin PBXProject section */
		C470C9DE2829FF7E00D899E1 /* Project object */ = {
			isa = PBXProject;
			attributes = {
				BuildIndependentTargetsInParallel = 1;
				LastSwiftUpdateCheck = 1330;
				LastUpgradeCheck = 1330;
				TargetAttributes = {
					C470C9E52829FF7E00D899E1 = {
						CreatedOnToolsVersion = 13.3.1;
					};
					C470C9FB2829FF8200D899E1 = {
						CreatedOnToolsVersion = 13.3.1;
						TestTargetID = C470C9E52829FF7E00D899E1;
					};
					C470CA052829FF8200D899E1 = {
						CreatedOnToolsVersion = 13.3.1;
						TestTargetID = C470C9E52829FF7E00D899E1;
					};
				};
			};
			buildConfigurationList = C470C9E12829FF7E00D899E1 /* Build configuration list for PBXProject "iQuiz" */;
			compatibilityVersion = "Xcode 13.0";
			developmentRegion = en;
			hasScannedForEncodings = 0;
			knownRegions = (
				en,
				Base,
			);
			mainGroup = C470C9DD2829FF7E00D899E1;
			productRefGroup = C470C9E72829FF7E00D899E1 /* Products */;
			projectDirPath = "";
			projectRoot = "";
			targets = (
				C470C9E52829FF7E00D899E1 /* iQuiz */,
				C470C9FB2829FF8200D899E1 /* iQuizTests */,
				C470CA052829FF8200D899E1 /* iQuizUITests */,
			);
		};
/* End PBXProject section */

/* Begin PBXResourcesBuildPhase section */
		C470C9E42829FF7E00D899E1 /* Resources */ = {
			isa = PBXResourcesBuildPhase;
			buildActionMask = 2147483647;
			files = (
				C470C9F62829FF8200D899E1 /* LaunchScreen.storyboard in Resources */,
				C470C9F32829FF8200D899E1 /* Assets.xcassets in Resources */,
				C470C9F12829FF7E00D899E1 /* Main.storyboard in Resources */,
			);
			runOnlyForDeploymentPostprocessing = 0;
		};
		C470C9FA2829FF8200D899E1 /* Resources */ = {
			isa = PBXResourcesBuildPhase;
			buildActionMask = 2147483647;
			files = (
			);
			runOnlyForDeploymentPostprocessing = 0;
		};
		C470CA042829FF8200D899E1 /* Resources */ = {
			isa = PBXResourcesBuildPhase;
			buildActionMask = 2147483647;
			files = (
			);
			runOnlyForDeploymentPostprocessing = 0;
		};
/* End PBXResourcesBuildPhase section */

/* Begin PBXSourcesBuildPhase section */
		C470C9E22829FF7E00D899E1 /* Sources */ = {
			isa = PBXSourcesBuildPhase;
			buildActionMask = 2147483647;
			files = (
				C4661DAD282DA8D4007F113F /* EndVC.swift in Sources */,
				C4661DA9282DA8A6007F113F /* QuestionVC.swift in Sources */,
				C470C9EE2829FF7E00D899E1 /* ViewController.swift in Sources */,
				C4661DAB282DA8C1007F113F /* AnswerVC.swift in Sources */,
				C470C9EA2829FF7E00D899E1 /* AppDelegate.swift in Sources */,
				C4A72783283414BA00992900 /* QuizSet.swift in Sources */,
				C470C9EC2829FF7E00D899E1 /* SceneDelegate.swift in Sources */,
				C4000FDE28334D5700D89855 /* SettingsVC.swift in Sources */,
			);
			runOnlyForDeploymentPostprocessing = 0;
		};
		C470C9F82829FF8200D899E1 /* Sources */ = {
			isa = PBXSourcesBuildPhase;
			buildActionMask = 2147483647;
			files = (
				C470CA012829FF8200D899E1 /* iQuizTests.swift in Sources */,
			);
			runOnlyForDeploymentPostprocessing = 0;
		};
		C470CA022829FF8200D899E1 /* Sources */ = {
			isa = PBXSourcesBuildPhase;
			buildActionMask = 2147483647;
			files = (
				C470CA0B2829FF8200D899E1 /* iQuizUITests.swift in Sources */,
				C470CA0D2829FF8200D899E1 /* iQuizUITestsLaunchTests.swift in Sources */,
			);
			runOnlyForDeploymentPostprocessing = 0;
		};
/* End PBXSourcesBuildPhase section */

/* Begin PBXTargetDependency section */
		C470C9FE2829FF8200D899E1 /* PBXTargetDependency */ = {
			isa = PBXTargetDependency;
			target = C470C9E52829FF7E00D899E1 /* iQuiz */;
			targetProxy = C470C9FD2829FF8200D899E1 /* PBXContainerItemProxy */;
		};
		C470CA082829FF8200D899E1 /* PBXTargetDependency */ = {
			isa = PBXTargetDependency;
			target = C470C9E52829FF7E00D899E1 /* iQuiz */;
			targetProxy = C470CA072829FF8200D899E1 /* PBXContainerItemProxy */;
		};
/* End PBXTargetDependency section */

/* Begin PBXVariantGroup section */
		C470C9EF2829FF7E00D899E1 /* Main.storyboard */ = {
			isa = PBXVariantGroup;
			children = (
				C470C9F02829FF7E00D899E1 /* Base */,
			);
			name = Main.storyboard;
			sourceTree = "<group>";
		};
		C470C9F42829FF8200D899E1 /* LaunchScreen.storyboard */ = {
			isa = PBXVariantGroup;
			children = (
				C470C9F52829FF8200D899E1 /* Base */,
			);
			name = LaunchScreen.storyboard;
			sourceTree = "<group>";
		};
/* End PBXVariantGroup section */

/* Begin XCBuildConfiguration section */
		C470CA0E2829FF8200D899E1 /* Debug */ = {
			isa = XCBuildConfiguration;
			buildSettings = {
				ALWAYS_SEARCH_USER_PATHS = NO;
				CLANG_ANALYZER_NONNULL = YES;
				CLANG_ANALYZER_NUMBER_OBJECT_CONVERSION = YES_AGGRESSIVE;
				CLANG_CXX_LANGUAGE_STANDARD = "gnu++17";
				CLANG_ENABLE_MODULES = YES;
				CLANG_ENABLE_OBJC_ARC = YES;
				CLANG_ENABLE_OBJC_WEAK = YES;
				CLANG_WARN_BLOCK_CAPTURE_AUTORELEASING = YES;
				CLANG_WARN_BOOL_CONVERSION = YES;
				CLANG_WARN_COMMA = YES;
				CLANG_WARN_CONSTANT_CONVERSION = YES;
				CLANG_WARN_DEPRECATED_OBJC_IMPLEMENTATIONS = YES;
				CLANG_WARN_DIRECT_OBJC_ISA_USAGE = YES_ERROR;
				CLANG_WARN_DOCUMENTATION_COMMENTS = YES;
				CLANG_WARN_EMPTY_BODY = YES;
				CLANG_WARN_ENUM_CONVERSION = YES;
				CLANG_WARN_INFINITE_RECURSION = YES;
				CLANG_WARN_INT_CONVERSION = YES;
				CLANG_WARN_NON_LITERAL_NULL_CONVERSION = YES;
				CLANG_WARN_OBJC_IMPLICIT_RETAIN_SELF = YES;
				CLANG_WARN_OBJC_LITERAL_CONVERSION = YES;
				CLANG_WARN_OBJC_ROOT_CLASS = YES_ERROR;
				CLANG_WARN_QUOTED_INCLUDE_IN_FRAMEWORK_HEADER = YES;
				CLANG_WARN_RANGE_LOOP_ANALYSIS = YES;
				CLANG_WARN_STRICT_PROTOTYPES = YES;
				CLANG_WARN_SUSPICIOUS_MOVE = YES;
				CLANG_WARN_UNGUARDED_AVAILABILITY = YES_AGGRESSIVE;
				CLANG_WARN_UNREACHABLE_CODE = YES;
				CLANG_WARN__DUPLICATE_METHOD_MATCH = YES;
				COPY_PHASE_STRIP = NO;
				DEBUG_INFORMATION_FORMAT = dwarf;
				ENABLE_STRICT_OBJC_MSGSEND = YES;
				ENABLE_TESTABILITY = YES;
				GCC_C_LANGUAGE_STANDARD = gnu11;
				GCC_DYNAMIC_NO_PIC = NO;
				GCC_NO_COMMON_BLOCKS = YES;
				GCC_OPTIMIZATION_LEVEL = 0;
				GCC_PREPROCESSOR_DEFINITIONS = (
					"DEBUG=1",
					"$(inherited)",
				);
				GCC_WARN_64_TO_32_BIT_CONVERSION = YES;
				GCC_WARN_ABOUT_RETURN_TYPE = YES_ERROR;
				GCC_WARN_UNDECLARED_SELECTOR = YES;
				GCC_WARN_UNINITIALIZED_AUTOS = YES_AGGRESSIVE;
				GCC_WARN_UNUSED_FUNCTION = YES;
				GCC_WARN_UNUSED_VARIABLE = YES;
				IPHONEOS_DEPLOYMENT_TARGET = 15.4;
				MTL_ENABLE_DEBUG_INFO = INCLUDE_SOURCE;
				MTL_FAST_MATH = YES;
				ONLY_ACTIVE_ARCH = YES;
				SDKROOT = iphoneos;
				SWIFT_ACTIVE_COMPILATION_CONDITIONS = DEBUG;
				SWIFT_OPTIMIZATION_LEVEL = "-Onone";
			};
			name = Debug;
		};
		C470CA0F2829FF8200D899E1 /* Release */ = {
			isa = XCBuildConfiguration;
			buildSettings = {
				ALWAYS_SEARCH_USER_PATHS = NO;
				CLANG_ANALYZER_NONNULL = YES;
				CLANG_ANALYZER_NUMBER_OBJECT_CONVERSION = YES_AGGRESSIVE;
				CLANG_CXX_LANGUAGE_STANDARD = "gnu++17";
				CLANG_ENABLE_MODULES = YES;
				CLANG_ENABLE_OBJC_ARC = YES;
				CLANG_ENABLE_OBJC_WEAK = YES;
				CLANG_WARN_BLOCK_CAPTURE_AUTORELEASING = YES;
				CLANG_WARN_BOOL_CONVERSION = YES;
				CLANG_WARN_COMMA = YES;
				CLANG_WARN_CONSTANT_CONVERSION = YES;
				CLANG_WARN_DEPRECATED_OBJC_IMPLEMENTATIONS = YES;
				CLANG_WARN_DIRECT_OBJC_ISA_USAGE = YES_ERROR;
				CLANG_WARN_DOCUMENTATION_COMMENTS = YES;
				CLANG_WARN_EMPTY_BODY = YES;
				CLANG_WARN_ENUM_CONVERSION = YES;
				CLANG_WARN_INFINITE_RECURSION = YES;
				CLANG_WARN_INT_CONVERSION = YES;
				CLANG_WARN_NON_LITERAL_NULL_CONVERSION = YES;
				CLANG_WARN_OBJC_IMPLICIT_RETAIN_SELF = YES;
				CLANG_WARN_OBJC_LITERAL_CONVERSION = YES;
				CLANG_WARN_OBJC_ROOT_CLASS = YES_ERROR;
				CLANG_WARN_QUOTED_INCLUDE_IN_FRAMEWORK_HEADER = YES;
				CLANG_WARN_RANGE_LOOP_ANALYSIS = YES;
				CLANG_WARN_STRICT_PROTOTYPES = YES;
				CLANG_WARN_SUSPICIOUS_MOVE = YES;
				CLANG_WARN_UNGUARDED_AVAILABILITY = YES_AGGRESSIVE;
				CLANG_WARN_UNREACHABLE_CODE = YES;
				CLANG_WARN__DUPLICATE_METHOD_MATCH = YES;
				COPY_PHASE_STRIP = NO;
				DEBUG_INFORMATION_FORMAT = "dwarf-with-dsym";
				ENABLE_NS_ASSERTIONS = NO;
				ENABLE_STRICT_OBJC_MSGSEND = YES;
				GCC_C_LANGUAGE_STANDARD = gnu11;
				GCC_NO_COMMON_BLOCKS = YES;
				GCC_WARN_64_TO_32_BIT_CONVERSION = YES;
				GCC_WARN_ABOUT_RETURN_TYPE = YES_ERROR;
				GCC_WARN_UNDECLARED_SELECTOR = YES;
				GCC_WARN_UNINITIALIZED_AUTOS = YES_AGGRESSIVE;
				GCC_WARN_UNUSED_FUNCTION = YES;
				GCC_WARN_UNUSED_VARIABLE = YES;
				IPHONEOS_DEPLOYMENT_TARGET = 15.4;
				MTL_ENABLE_DEBUG_INFO = NO;
				MTL_FAST_MATH = YES;
				ONLY_ACTIVE_ARCH = YES;
				SDKROOT = iphoneos;
				SWIFT_COMPILATION_MODE = wholemodule;
				SWIFT_OPTIMIZATION_LEVEL = "-O";
				VALIDATE_PRODUCT = YES;
			};
			name = Release;
		};
		C470CA112829FF8200D899E1 /* Debug */ = {
			isa = XCBuildConfiguration;
			buildSettings = {
				ASSETCATALOG_COMPILER_APPICON_NAME = AppIcon;
				ASSETCATALOG_COMPILER_GLOBAL_ACCENT_COLOR_NAME = AccentColor;
				CODE_SIGN_STYLE = Automatic;
				CURRENT_PROJECT_VERSION = 1;
				DEVELOPMENT_TEAM = 7XV777MNWD;
				GENERATE_INFOPLIST_FILE = YES;
				INFOPLIST_FILE = iQuiz/Info.plist;
				INFOPLIST_KEY_UIApplicationSupportsIndirectInputEvents = YES;
				INFOPLIST_KEY_UILaunchStoryboardName = LaunchScreen;
				INFOPLIST_KEY_UIMainStoryboardFile = Main;
				INFOPLIST_KEY_UISupportedInterfaceOrientations_iPad = "UIInterfaceOrientationPortrait UIInterfaceOrientationPortraitUpsideDown UIInterfaceOrientationLandscapeLeft UIInterfaceOrientationLandscapeRight";
				INFOPLIST_KEY_UISupportedInterfaceOrientations_iPhone = "UIInterfaceOrientationPortrait UIInterfaceOrientationLandscapeLeft UIInterfaceOrientationLandscapeRight";
				LD_RUNPATH_SEARCH_PATHS = (
					"$(inherited)",
					"@executable_path/Frameworks",
				);
				MARKETING_VERSION = 1.0;
				PRODUCT_BUNDLE_IDENTIFIER = com.mkaryadi.iQuiz;
				PRODUCT_NAME = "$(TARGET_NAME)";
				SWIFT_EMIT_LOC_STRINGS = YES;
				SWIFT_VERSION = 5.0;
				TARGETED_DEVICE_FAMILY = "1,2";
			};
			name = Debug;
		};
		C470CA122829FF8200D899E1 /* Release */ = {
			isa = XCBuildConfiguration;
			buildSettings = {
				ASSETCATALOG_COMPILER_APPICON_NAME = AppIcon;
				ASSETCATALOG_COMPILER_GLOBAL_ACCENT_COLOR_NAME = AccentColor;
				CODE_SIGN_STYLE = Automatic;
				CURRENT_PROJECT_VERSION = 1;
				DEVELOPMENT_TEAM = 7XV777MNWD;
				GENERATE_INFOPLIST_FILE = YES;
				INFOPLIST_FILE = iQuiz/Info.plist;
				INFOPLIST_KEY_UIApplicationSupportsIndirectInputEvents = YES;
				INFOPLIST_KEY_UILaunchStoryboardName = LaunchScreen;
				INFOPLIST_KEY_UIMainStoryboardFile = Main;
				INFOPLIST_KEY_UISupportedInterfaceOrientations_iPad = "UIInterfaceOrientationPortrait UIInterfaceOrientationPortraitUpsideDown UIInterfaceOrientationLandscapeLeft UIInterfaceOrientationLandscapeRight";
				INFOPLIST_KEY_UISupportedInterfaceOrientations_iPhone = "UIInterfaceOrientationPortrait UIInterfaceOrientationLandscapeLeft UIInterfaceOrientationLandscapeRight";
				LD_RUNPATH_SEARCH_PATHS = (
					"$(inherited)",
					"@executable_path/Frameworks",
				);
				MARKETING_VERSION = 1.0;
				PRODUCT_BUNDLE_IDENTIFIER = com.mkaryadi.iQuiz;
				PRODUCT_NAME = "$(TARGET_NAME)";
				SWIFT_EMIT_LOC_STRINGS = YES;
				SWIFT_VERSION = 5.0;
				TARGETED_DEVICE_FAMILY = "1,2";
			};
			name = Release;
		};
		C470CA142829FF8200D899E1 /* Debug */ = {
			isa = XCBuildConfiguration;
			buildSettings = {
				ALWAYS_EMBED_SWIFT_STANDARD_LIBRARIES = YES;
				BUNDLE_LOADER = "$(TEST_HOST)";
				CODE_SIGN_STYLE = Automatic;
				CURRENT_PROJECT_VERSION = 1;
				DEVELOPMENT_TEAM = 7XV777MNWD;
				GENERATE_INFOPLIST_FILE = YES;
				IPHONEOS_DEPLOYMENT_TARGET = 15.4;
				MARKETING_VERSION = 1.0;
				PRODUCT_BUNDLE_IDENTIFIER = com.mkaryadi.iQuizTests;
				PRODUCT_NAME = "$(TARGET_NAME)";
				SWIFT_EMIT_LOC_STRINGS = NO;
				SWIFT_VERSION = 5.0;
				TARGETED_DEVICE_FAMILY = "1,2";
				TEST_HOST = "$(BUILT_PRODUCTS_DIR)/iQuiz.app/iQuiz";
			};
			name = Debug;
		};
		C470CA152829FF8200D899E1 /* Release */ = {
			isa = XCBuildConfiguration;
			buildSettings = {
				ALWAYS_EMBED_SWIFT_STANDARD_LIBRARIES = YES;
				BUNDLE_LOADER = "$(TEST_HOST)";
				CODE_SIGN_STYLE = Automatic;
				CURRENT_PROJECT_VERSION = 1;
				DEVELOPMENT_TEAM = 7XV777MNWD;
				GENERATE_INFOPLIST_FILE = YES;
				IPHONEOS_DEPLOYMENT_TARGET = 15.4;
				MARKETING_VERSION = 1.0;
				PRODUCT_BUNDLE_IDENTIFIER = com.mkaryadi.iQuizTests;
				PRODUCT_NAME = "$(TARGET_NAME)";
				SWIFT_EMIT_LOC_STRINGS = NO;
				SWIFT_VERSION = 5.0;
				TARGETED_DEVICE_FAMILY = "1,2";
				TEST_HOST = "$(BUILT_PRODUCTS_DIR)/iQuiz.app/iQuiz";
			};
			name = Release;
		};
		C470CA172829FF8200D899E1 /* Debug */ = {
			isa = XCBuildConfiguration;
			buildSettings = {
				ALWAYS_EMBED_SWIFT_STANDARD_LIBRARIES = YES;
				CODE_SIGN_STYLE = Automatic;
				CURRENT_PROJECT_VERSION = 1;
				DEVELOPMENT_TEAM = 7XV777MNWD;
				GENERATE_INFOPLIST_FILE = YES;
				MARKETING_VERSION = 1.0;
				PRODUCT_BUNDLE_IDENTIFIER = com.mkaryadi.iQuizUITests;
				PRODUCT_NAME = "$(TARGET_NAME)";
				SWIFT_EMIT_LOC_STRINGS = NO;
				SWIFT_VERSION = 5.0;
				TARGETED_DEVICE_FAMILY = "1,2";
				TEST_TARGET_NAME = iQuiz;
			};
			name = Debug;
		};
		C470CA182829FF8200D899E1 /* Release */ = {
			isa = XCBuildConfiguration;
			buildSettings = {
				ALWAYS_EMBED_SWIFT_STANDARD_LIBRARIES = YES;
				CODE_SIGN_STYLE = Automatic;
				CURRENT_PROJECT_VERSION = 1;
				DEVELOPMENT_TEAM = 7XV777MNWD;
				GENERATE_INFOPLIST_FILE = YES;
				MARKETING_VERSION = 1.0;
				PRODUCT_BUNDLE_IDENTIFIER = com.mkaryadi.iQuizUITests;
				PRODUCT_NAME = "$(TARGET_NAME)";
				SWIFT_EMIT_LOC_STRINGS = NO;
				SWIFT_VERSION = 5.0;
				TARGETED_DEVICE_FAMILY = "1,2";
				TEST_TARGET_NAME = iQuiz;
			};
			name = Release;
		};
/* End XCBuildConfiguration section */

/* Begin XCConfigurationList section */
		C470C9E12829FF7E00D899E1 /* Build configuration list for PBXProject "iQuiz" */ = {
			isa = XCConfigurationList;
			buildConfigurations = (
				C470CA0E2829FF8200D899E1 /* Debug */,
				C470CA0F2829FF8200D899E1 /* Release */,
			);
			defaultConfigurationIsVisible = 0;
			defaultConfigurationName = Release;
		};
		C470CA102829FF8200D899E1 /* Build configuration list for PBXNativeTarget "iQuiz" */ = {
			isa = XCConfigurationList;
			buildConfigurations = (
				C470CA112829FF8200D899E1 /* Debug */,
				C470CA122829FF8200D899E1 /* Release */,
			);
			defaultConfigurationIsVisible = 0;
			defaultConfigurationName = Release;
		};
		C470CA132829FF8200D899E1 /* Build configuration list for PBXNativeTarget "iQuizTests" */ = {
			isa = XCConfigurationList;
			buildConfigurations = (
				C470CA142829FF8200D899E1 /* Debug */,
				C470CA152829FF8200D899E1 /* Release */,
			);
			defaultConfigurationIsVisible = 0;
			defaultConfigurationName = Release;
		};
		C470CA162829FF8200D899E1 /* Build configuration list for PBXNativeTarget "iQuizUITests" */ = {
			isa = XCConfigurationList;
			buildConfigurations = (
				C470CA172829FF8200D899E1 /* Debug */,
				C470CA182829FF8200D899E1 /* Release */,
			);
			defaultConfigurationIsVisible = 0;
			defaultConfigurationName = Release;
		};
/* End XCConfigurationList section */
	};
	rootObject = C470C9DE2829FF7E00D899E1 /* Project object */;
}
